// !$*UTF8*$!
{
	archiveVersion = 1;
	classes = {
	};
	objectVersion = 56;
	objects = {

/* Begin PBXBuildFile section */
		45AE8A842BB4760E00A14038 /* AppDelegate.swift in Sources */ = {isa = PBXBuildFile; fileRef = 45AE8A832BB4760E00A14038 /* AppDelegate.swift */; };
		45AE8A862BB4760E00A14038 /* SceneDelegate.swift in Sources */ = {isa = PBXBuildFile; fileRef = 45AE8A852BB4760E00A14038 /* SceneDelegate.swift */; };
		45AE8A8D2BB4761100A14038 /* Assets.xcassets in Resources */ = {isa = PBXBuildFile; fileRef = 45AE8A8C2BB4761100A14038 /* Assets.xcassets */; };
		45AE8A902BB4761100A14038 /* Base in Resources */ = {isa = PBXBuildFile; fileRef = 45AE8A8F2BB4761100A14038 /* Base */; };
		45AE8A982BB47A9600A14038 /* StockListViewController.swift in Sources */ = {isa = PBXBuildFile; fileRef = 45AE8A972BB47A9600A14038 /* StockListViewController.swift */; };
		45AE8AA02BB47BC700A14038 /* NetworkManager.swift in Sources */ = {isa = PBXBuildFile; fileRef = 45AE8A9F2BB47BC700A14038 /* NetworkManager.swift */; };
		45AE8AA52BB47D1A00A14038 /* Stock.swift in Sources */ = {isa = PBXBuildFile; fileRef = 45AE8AA42BB47D1A00A14038 /* Stock.swift */; };
		45AE8AAF2BB524D700A14038 /* UILabel + Extension.swift in Sources */ = {isa = PBXBuildFile; fileRef = 45AE8AAE2BB524D700A14038 /* UILabel + Extension.swift */; };
		45AE8AB22BB525C200A14038 /* UIStackView + Exstension.swift in Sources */ = {isa = PBXBuildFile; fileRef = 45AE8AB12BB525C200A14038 /* UIStackView + Exstension.swift */; };
		45AE8AB82BB52EB000A14038 /* DataManager.swift in Sources */ = {isa = PBXBuildFile; fileRef = 45AE8AB72BB52EB000A14038 /* DataManager.swift */; };
		45AE8AE22BB57C0D00A14038 /* GradientView.swift in Sources */ = {isa = PBXBuildFile; fileRef = 45AE8AE12BB57C0D00A14038 /* GradientView.swift */; };
		45D70DD82BBC25D500AA975D /* StockListViewModelTests.swift in Sources */ = {isa = PBXBuildFile; fileRef = 45D70DD72BBC25D500AA975D /* StockListViewModelTests.swift */; };
		45D94C232BB8837700F43F4A /* StockTableViewCell.swift in Sources */ = {isa = PBXBuildFile; fileRef = 45D94C222BB8837700F43F4A /* StockTableViewCell.swift */; };
		45D94C252BB896D000F43F4A /* StockListViewModel.swift in Sources */ = {isa = PBXBuildFile; fileRef = 45D94C242BB896D000F43F4A /* StockListViewModel.swift */; };
		45D94C272BB90EF700F43F4A /* StockCellViewModel.swift in Sources */ = {isa = PBXBuildFile; fileRef = 45D94C262BB90EF700F43F4A /* StockCellViewModel.swift */; };
/* End PBXBuildFile section */

/* Begin PBXContainerItemProxy section */
		45D70DD92BBC25D500AA975D /* PBXContainerItemProxy */ = {
			isa = PBXContainerItemProxy;
			containerPortal = 45AE8A782BB4760E00A14038 /* Project object */;
			proxyType = 1;
			remoteGlobalIDString = 45AE8A7F2BB4760E00A14038;
			remoteInfo = FinanceStockTracker;
		};
/* End PBXContainerItemProxy section */

/* Begin PBXFileReference section */
		45AE8A802BB4760E00A14038 /* FinanceStockTracker.app */ = {isa = PBXFileReference; explicitFileType = wrapper.application; includeInIndex = 0; path = FinanceStockTracker.app; sourceTree = BUILT_PRODUCTS_DIR; };
		45AE8A832BB4760E00A14038 /* AppDelegate.swift */ = {isa = PBXFileReference; lastKnownFileType = sourcecode.swift; path = AppDelegate.swift; sourceTree = "<group>"; };
		45AE8A852BB4760E00A14038 /* SceneDelegate.swift */ = {isa = PBXFileReference; lastKnownFileType = sourcecode.swift; path = SceneDelegate.swift; sourceTree = "<group>"; };
		45AE8A8C2BB4761100A14038 /* Assets.xcassets */ = {isa = PBXFileReference; lastKnownFileType = folder.assetcatalog; path = Assets.xcassets; sourceTree = "<group>"; };
		45AE8A8F2BB4761100A14038 /* Base */ = {isa = PBXFileReference; lastKnownFileType = file.storyboard; name = Base; path = Base.lproj/LaunchScreen.storyboard; sourceTree = "<group>"; };
		45AE8A912BB4761100A14038 /* Info.plist */ = {isa = PBXFileReference; lastKnownFileType = text.plist.xml; path = Info.plist; sourceTree = "<group>"; };
		45AE8A972BB47A9600A14038 /* StockListViewController.swift */ = {isa = PBXFileReference; lastKnownFileType = sourcecode.swift; path = StockListViewController.swift; sourceTree = "<group>"; };
		45AE8A9F2BB47BC700A14038 /* NetworkManager.swift */ = {isa = PBXFileReference; lastKnownFileType = sourcecode.swift; path = NetworkManager.swift; sourceTree = "<group>"; };
		45AE8AA42BB47D1A00A14038 /* Stock.swift */ = {isa = PBXFileReference; lastKnownFileType = sourcecode.swift; path = Stock.swift; sourceTree = "<group>"; };
		45AE8AAE2BB524D700A14038 /* UILabel + Extension.swift */ = {isa = PBXFileReference; lastKnownFileType = sourcecode.swift; path = "UILabel + Extension.swift"; sourceTree = "<group>"; };
		45AE8AB12BB525C200A14038 /* UIStackView + Exstension.swift */ = {isa = PBXFileReference; lastKnownFileType = sourcecode.swift; path = "UIStackView + Exstension.swift"; sourceTree = "<group>"; };
		45AE8AB72BB52EB000A14038 /* DataManager.swift */ = {isa = PBXFileReference; lastKnownFileType = sourcecode.swift; path = DataManager.swift; sourceTree = "<group>"; };
		45AE8AE12BB57C0D00A14038 /* GradientView.swift */ = {isa = PBXFileReference; lastKnownFileType = sourcecode.swift; path = GradientView.swift; sourceTree = "<group>"; };
		45D70DD52BBC25D500AA975D /* StockTrackerAlamofireTests.xctest */ = {isa = PBXFileReference; explicitFileType = wrapper.cfbundle; includeInIndex = 0; path = StockTrackerAlamofireTests.xctest; sourceTree = BUILT_PRODUCTS_DIR; };
		45D70DD72BBC25D500AA975D /* StockListViewModelTests.swift */ = {isa = PBXFileReference; lastKnownFileType = sourcecode.swift; path = StockListViewModelTests.swift; sourceTree = "<group>"; };
		45D94C222BB8837700F43F4A /* StockTableViewCell.swift */ = {isa = PBXFileReference; lastKnownFileType = sourcecode.swift; path = StockTableViewCell.swift; sourceTree = "<group>"; };
		45D94C242BB896D000F43F4A /* StockListViewModel.swift */ = {isa = PBXFileReference; lastKnownFileType = sourcecode.swift; path = StockListViewModel.swift; sourceTree = "<group>"; };
		45D94C262BB90EF700F43F4A /* StockCellViewModel.swift */ = {isa = PBXFileReference; lastKnownFileType = sourcecode.swift; path = StockCellViewModel.swift; sourceTree = "<group>"; };
/* End PBXFileReference section */

/* Begin PBXFrameworksBuildPhase section */
		45AE8A7D2BB4760E00A14038 /* Frameworks */ = {
			isa = PBXFrameworksBuildPhase;
			buildActionMask = 2147483647;
			files = (
			);
			runOnlyForDeploymentPostprocessing = 0;
		};
		45D70DD22BBC25D500AA975D /* Frameworks */ = {
			isa = PBXFrameworksBuildPhase;
			buildActionMask = 2147483647;
			files = (
			);
			runOnlyForDeploymentPostprocessing = 0;
		};
/* End PBXFrameworksBuildPhase section */

/* Begin PBXGroup section */
		45AE8A772BB4760E00A14038 = {
			isa = PBXGroup;
			children = (
				45AE8A822BB4760E00A14038 /* FinanceStockTracker */,
				45D70DD62BBC25D500AA975D /* StockTrackerTests */,
				45AE8A812BB4760E00A14038 /* Products */,
			);
			sourceTree = "<group>";
		};
		45AE8A812BB4760E00A14038 /* Products */ = {
			isa = PBXGroup;
			children = (
				45AE8A802BB4760E00A14038 /* FinanceStockTracker.app */,
				45D70DD52BBC25D500AA975D /* StockTrackerAlamofireTests.xctest */,
			);
			name = Products;
			sourceTree = "<group>";
		};
		45AE8A822BB4760E00A14038 /* FinanceStockTracker */ = {
			isa = PBXGroup;
			children = (
				45AE8AA32BB47D0E00A14038 /* Models */,
				45AE8A9E2BB47BB300A14038 /* Services */,
				45AE8A9B2BB47B3A00A14038 /* Scenes */,
				45AE8A9D2BB47B4E00A14038 /* Applications */,
				45AE8A9C2BB47B4700A14038 /* Helpers */,
			);
			path = FinanceStockTracker;
			sourceTree = "<group>";
		};
		45AE8A9B2BB47B3A00A14038 /* Scenes */ = {
			isa = PBXGroup;
			children = (
				45AE8AA62BB520EB00A14038 /* StockListViewController */,
				45AE8AA92BB5213C00A14038 /* StockListCell */,
			);
			path = Scenes;
			sourceTree = "<group>";
		};
		45AE8A9C2BB47B4700A14038 /* Helpers */ = {
			isa = PBXGroup;
			children = (
				45AE8AB02BB525B000A14038 /* UIStackView */,
				45AE8AAD2BB524AB00A14038 /* UILabel */,
				45AE8AE12BB57C0D00A14038 /* GradientView.swift */,
			);
			path = Helpers;
			sourceTree = "<group>";
		};
		45AE8A9D2BB47B4E00A14038 /* Applications */ = {
			isa = PBXGroup;
			children = (
				45AE8A832BB4760E00A14038 /* AppDelegate.swift */,
				45AE8A852BB4760E00A14038 /* SceneDelegate.swift */,
				45AE8A912BB4761100A14038 /* Info.plist */,
				45AE8A8C2BB4761100A14038 /* Assets.xcassets */,
				45AE8A8E2BB4761100A14038 /* LaunchScreen.storyboard */,
			);
			path = Applications;
			sourceTree = "<group>";
		};
		45AE8A9E2BB47BB300A14038 /* Services */ = {
			isa = PBXGroup;
			children = (
				45AE8A9F2BB47BC700A14038 /* NetworkManager.swift */,
				45AE8AB72BB52EB000A14038 /* DataManager.swift */,
			);
			path = Services;
			sourceTree = "<group>";
		};
		45AE8AA32BB47D0E00A14038 /* Models */ = {
			isa = PBXGroup;
			children = (
				45AE8AA42BB47D1A00A14038 /* Stock.swift */,
			);
			path = Models;
			sourceTree = "<group>";
		};
		45AE8AA62BB520EB00A14038 /* StockListViewController */ = {
			isa = PBXGroup;
			children = (
				45AE8A972BB47A9600A14038 /* StockListViewController.swift */,
				45D94C242BB896D000F43F4A /* StockListViewModel.swift */,
			);
			path = StockListViewController;
			sourceTree = "<group>";
		};
		45AE8AA92BB5213C00A14038 /* StockListCell */ = {
			isa = PBXGroup;
			children = (
				45D94C222BB8837700F43F4A /* StockTableViewCell.swift */,
				45D94C262BB90EF700F43F4A /* StockCellViewModel.swift */,
			);
			path = StockListCell;
			sourceTree = "<group>";
		};
		45AE8AAD2BB524AB00A14038 /* UILabel */ = {
			isa = PBXGroup;
			children = (
				45AE8AAE2BB524D700A14038 /* UILabel + Extension.swift */,
			);
			path = UILabel;
			sourceTree = "<group>";
		};
		45AE8AB02BB525B000A14038 /* UIStackView */ = {
			isa = PBXGroup;
			children = (
				45AE8AB12BB525C200A14038 /* UIStackView + Exstension.swift */,
			);
			path = UIStackView;
			sourceTree = "<group>";
		};
		45D70DD62BBC25D500AA975D /* StockTrackerTests */ = {
			isa = PBXGroup;
			children = (
				45D70DD72BBC25D500AA975D /* StockListViewModelTests.swift */,
			);
			path = StockTrackerTests;
			sourceTree = "<group>";
		};
/* End PBXGroup section */

/* Begin PBXNativeTarget section */
		45AE8A7F2BB4760E00A14038 /* FinanceStockTracker */ = {
			isa = PBXNativeTarget;
			buildConfigurationList = 45AE8A942BB4761100A14038 /* Build configuration list for PBXNativeTarget "FinanceStockTracker" */;
			buildPhases = (
				45AE8A7C2BB4760E00A14038 /* Sources */,
				45AE8A7D2BB4760E00A14038 /* Frameworks */,
				45AE8A7E2BB4760E00A14038 /* Resources */,
			);
			buildRules = (
			);
			dependencies = (
			);
			name = FinanceStockTracker;
			productName = FinanceStockTracker;
			productReference = 45AE8A802BB4760E00A14038 /* FinanceStockTracker.app */;
			productType = "com.apple.product-type.application";
		};
		45D70DD42BBC25D500AA975D /* StockTrackerAlamofireTests */ = {
			isa = PBXNativeTarget;
			buildConfigurationList = 45D70DDD2BBC25D500AA975D /* Build configuration list for PBXNativeTarget "StockTrackerAlamofireTests" */;
			buildPhases = (
				45D70DD12BBC25D500AA975D /* Sources */,
				45D70DD22BBC25D500AA975D /* Frameworks */,
				45D70DD32BBC25D500AA975D /* Resources */,
			);
			buildRules = (
			);
			dependencies = (
				45D70DDA2BBC25D500AA975D /* PBXTargetDependency */,
			);
			name = StockTrackerAlamofireTests;
			productName = StockTrackerAlamofireTests;
			productReference = 45D70DD52BBC25D500AA975D /* StockTrackerAlamofireTests.xctest */;
			productType = "com.apple.product-type.bundle.unit-test";
		};
/* End PBXNativeTarget section */

/* Begin PBXProject section */
		45AE8A782BB4760E00A14038 /* Project object */ = {
			isa = PBXProject;
			attributes = {
				BuildIndependentTargetsInParallel = 1;
				LastSwiftUpdateCheck = 1530;
				LastUpgradeCheck = 1530;
				TargetAttributes = {
					45AE8A7F2BB4760E00A14038 = {
						CreatedOnToolsVersion = 15.3;
					};
					45D70DD42BBC25D500AA975D = {
						CreatedOnToolsVersion = 15.3;
						TestTargetID = 45AE8A7F2BB4760E00A14038;
					};
				};
			};
			buildConfigurationList = 45AE8A7B2BB4760E00A14038 /* Build configuration list for PBXProject "FinanceStockTracker" */;
			compatibilityVersion = "Xcode 14.0";
			developmentRegion = en;
			hasScannedForEncodings = 0;
			knownRegions = (
				en,
				Base,
			);
			mainGroup = 45AE8A772BB4760E00A14038;
			productRefGroup = 45AE8A812BB4760E00A14038 /* Products */;
			projectDirPath = "";
			projectRoot = "";
			targets = (
				45AE8A7F2BB4760E00A14038 /* FinanceStockTracker */,
				45D70DD42BBC25D500AA975D /* StockTrackerAlamofireTests */,
			);
		};
/* End PBXProject section */

/* Begin PBXResourcesBuildPhase section */
		45AE8A7E2BB4760E00A14038 /* Resources */ = {
			isa = PBXResourcesBuildPhase;
			buildActionMask = 2147483647;
			files = (
				45AE8A8D2BB4761100A14038 /* Assets.xcassets in Resources */,
				45AE8A902BB4761100A14038 /* Base in Resources */,
			);
			runOnlyForDeploymentPostprocessing = 0;
		};
		45D70DD32BBC25D500AA975D /* Resources */ = {
			isa = PBXResourcesBuildPhase;
			buildActionMask = 2147483647;
			files = (
			);
			runOnlyForDeploymentPostprocessing = 0;
		};
/* End PBXResourcesBuildPhase section */

/* Begin PBXSourcesBuildPhase section */
		45AE8A7C2BB4760E00A14038 /* Sources */ = {
			isa = PBXSourcesBuildPhase;
			buildActionMask = 2147483647;
			files = (
				45D94C232BB8837700F43F4A /* StockTableViewCell.swift in Sources */,
				45AE8A982BB47A9600A14038 /* StockListViewController.swift in Sources */,
				45AE8AAF2BB524D700A14038 /* UILabel + Extension.swift in Sources */,
				45D94C272BB90EF700F43F4A /* StockCellViewModel.swift in Sources */,
				45AE8A842BB4760E00A14038 /* AppDelegate.swift in Sources */,
				45AE8AB22BB525C200A14038 /* UIStackView + Exstension.swift in Sources */,
				45AE8AA52BB47D1A00A14038 /* Stock.swift in Sources */,
				45AE8AA02BB47BC700A14038 /* NetworkManager.swift in Sources */,
				45AE8AB82BB52EB000A14038 /* DataManager.swift in Sources */,
				45AE8AE22BB57C0D00A14038 /* GradientView.swift in Sources */,
				45D94C252BB896D000F43F4A /* StockListViewModel.swift in Sources */,
				45AE8A862BB4760E00A14038 /* SceneDelegate.swift in Sources */,
			);
			runOnlyForDeploymentPostprocessing = 0;
		};
		45D70DD12BBC25D500AA975D /* Sources */ = {
			isa = PBXSourcesBuildPhase;
			buildActionMask = 2147483647;
			files = (
				45D70DD82BBC25D500AA975D /* StockListViewModelTests.swift in Sources */,
			);
			runOnlyForDeploymentPostprocessing = 0;
		};
/* End PBXSourcesBuildPhase section */

/* Begin PBXTargetDependency section */
		45D70DDA2BBC25D500AA975D /* PBXTargetDependency */ = {
			isa = PBXTargetDependency;
			target = 45AE8A7F2BB4760E00A14038 /* FinanceStockTracker */;
			targetProxy = 45D70DD92BBC25D500AA975D /* PBXContainerItemProxy */;
		};
/* End PBXTargetDependency section */

/* Begin PBXVariantGroup section */
		45AE8A8E2BB4761100A14038 /* LaunchScreen.storyboard */ = {
			isa = PBXVariantGroup;
			children = (
				45AE8A8F2BB4761100A14038 /* Base */,
			);
			name = LaunchScreen.storyboard;
			sourceTree = "<group>";
		};
/* End PBXVariantGroup section */

/* Begin XCBuildConfiguration section */
		45AE8A922BB4761100A14038 /* Debug */ = {
			isa = XCBuildConfiguration;
			buildSettings = {
				ALWAYS_SEARCH_USER_PATHS = NO;
				ASSETCATALOG_COMPILER_GENERATE_SWIFT_ASSET_SYMBOL_EXTENSIONS = YES;
				CLANG_ANALYZER_NONNULL = YES;
				CLANG_ANALYZER_NUMBER_OBJECT_CONVERSION = YES_AGGRESSIVE;
				CLANG_CXX_LANGUAGE_STANDARD = "gnu++20";
				CLANG_ENABLE_MODULES = YES;
				CLANG_ENABLE_OBJC_ARC = YES;
				CLANG_ENABLE_OBJC_WEAK = YES;
				CLANG_WARN_BLOCK_CAPTURE_AUTORELEASING = YES;
				CLANG_WARN_BOOL_CONVERSION = YES;
				CLANG_WARN_COMMA = YES;
				CLANG_WARN_CONSTANT_CONVERSION = YES;
				CLANG_WARN_DEPRECATED_OBJC_IMPLEMENTATIONS = YES;
				CLANG_WARN_DIRECT_OBJC_ISA_USAGE = YES_ERROR;
				CLANG_WARN_DOCUMENTATION_COMMENTS = YES;
				CLANG_WARN_EMPTY_BODY = YES;
				CLANG_WARN_ENUM_CONVERSION = YES;
				CLANG_WARN_INFINITE_RECURSION = YES;
				CLANG_WARN_INT_CONVERSION = YES;
				CLANG_WARN_NON_LITERAL_NULL_CONVERSION = YES;
				CLANG_WARN_OBJC_IMPLICIT_RETAIN_SELF = YES;
				CLANG_WARN_OBJC_LITERAL_CONVERSION = YES;
				CLANG_WARN_OBJC_ROOT_CLASS = YES_ERROR;
				CLANG_WARN_QUOTED_INCLUDE_IN_FRAMEWORK_HEADER = YES;
				CLANG_WARN_RANGE_LOOP_ANALYSIS = YES;
				CLANG_WARN_STRICT_PROTOTYPES = YES;
				CLANG_WARN_SUSPICIOUS_MOVE = YES;
				CLANG_WARN_UNGUARDED_AVAILABILITY = YES_AGGRESSIVE;
				CLANG_WARN_UNREACHABLE_CODE = YES;
				CLANG_WARN__DUPLICATE_METHOD_MATCH = YES;
				COPY_PHASE_STRIP = NO;
				DEBUG_INFORMATION_FORMAT = dwarf;
				ENABLE_STRICT_OBJC_MSGSEND = YES;
				ENABLE_TESTABILITY = YES;
				ENABLE_USER_SCRIPT_SANDBOXING = YES;
				GCC_C_LANGUAGE_STANDARD = gnu17;
				GCC_DYNAMIC_NO_PIC = NO;
				GCC_NO_COMMON_BLOCKS = YES;
				GCC_OPTIMIZATION_LEVEL = 0;
				GCC_PREPROCESSOR_DEFINITIONS = (
					"DEBUG=1",
					"$(inherited)",
				);
				GCC_WARN_64_TO_32_BIT_CONVERSION = YES;
				GCC_WARN_ABOUT_RETURN_TYPE = YES_ERROR;
				GCC_WARN_UNDECLARED_SELECTOR = YES;
				GCC_WARN_UNINITIALIZED_AUTOS = YES_AGGRESSIVE;
				GCC_WARN_UNUSED_FUNCTION = YES;
				GCC_WARN_UNUSED_VARIABLE = YES;
				IPHONEOS_DEPLOYMENT_TARGET = 17.4;
				LOCALIZATION_PREFERS_STRING_CATALOGS = YES;
				MTL_ENABLE_DEBUG_INFO = INCLUDE_SOURCE;
				MTL_FAST_MATH = YES;
				ONLY_ACTIVE_ARCH = YES;
				SDKROOT = iphoneos;
				SWIFT_ACTIVE_COMPILATION_CONDITIONS = "DEBUG $(inherited)";
				SWIFT_OPTIMIZATION_LEVEL = "-Onone";
			};
			name = Debug;
		};
		45AE8A932BB4761100A14038 /* Release */ = {
			isa = XCBuildConfiguration;
			buildSettings = {
				ALWAYS_SEARCH_USER_PATHS = NO;
				ASSETCATALOG_COMPILER_GENERATE_SWIFT_ASSET_SYMBOL_EXTENSIONS = YES;
				CLANG_ANALYZER_NONNULL = YES;
				CLANG_ANALYZER_NUMBER_OBJECT_CONVERSION = YES_AGGRESSIVE;
				CLANG_CXX_LANGUAGE_STANDARD = "gnu++20";
				CLANG_ENABLE_MODULES = YES;
				CLANG_ENABLE_OBJC_ARC = YES;
				CLANG_ENABLE_OBJC_WEAK = YES;
				CLANG_WARN_BLOCK_CAPTURE_AUTORELEASING = YES;
				CLANG_WARN_BOOL_CONVERSION = YES;
				CLANG_WARN_COMMA = YES;
				CLANG_WARN_CONSTANT_CONVERSION = YES;
				CLANG_WARN_DEPRECATED_OBJC_IMPLEMENTATIONS = YES;
				CLANG_WARN_DIRECT_OBJC_ISA_USAGE = YES_ERROR;
				CLANG_WARN_DOCUMENTATION_COMMENTS = YES;
				CLANG_WARN_EMPTY_BODY = YES;
				CLANG_WARN_ENUM_CONVERSION = YES;
				CLANG_WARN_INFINITE_RECURSION = YES;
				CLANG_WARN_INT_CONVERSION = YES;
				CLANG_WARN_NON_LITERAL_NULL_CONVERSION = YES;
				CLANG_WARN_OBJC_IMPLICIT_RETAIN_SELF = YES;
				CLANG_WARN_OBJC_LITERAL_CONVERSION = YES;
				CLANG_WARN_OBJC_ROOT_CLASS = YES_ERROR;
				CLANG_WARN_QUOTED_INCLUDE_IN_FRAMEWORK_HEADER = YES;
				CLANG_WARN_RANGE_LOOP_ANALYSIS = YES;
				CLANG_WARN_STRICT_PROTOTYPES = YES;
				CLANG_WARN_SUSPICIOUS_MOVE = YES;
				CLANG_WARN_UNGUARDED_AVAILABILITY = YES_AGGRESSIVE;
				CLANG_WARN_UNREACHABLE_CODE = YES;
				CLANG_WARN__DUPLICATE_METHOD_MATCH = YES;
				COPY_PHASE_STRIP = NO;
				DEBUG_INFORMATION_FORMAT = "dwarf-with-dsym";
				ENABLE_NS_ASSERTIONS = NO;
				ENABLE_STRICT_OBJC_MSGSEND = YES;
				ENABLE_USER_SCRIPT_SANDBOXING = YES;
				GCC_C_LANGUAGE_STANDARD = gnu17;
				GCC_NO_COMMON_BLOCKS = YES;
				GCC_WARN_64_TO_32_BIT_CONVERSION = YES;
				GCC_WARN_ABOUT_RETURN_TYPE = YES_ERROR;
				GCC_WARN_UNDECLARED_SELECTOR = YES;
				GCC_WARN_UNINITIALIZED_AUTOS = YES_AGGRESSIVE;
				GCC_WARN_UNUSED_FUNCTION = YES;
				GCC_WARN_UNUSED_VARIABLE = YES;
				IPHONEOS_DEPLOYMENT_TARGET = 17.4;
				LOCALIZATION_PREFERS_STRING_CATALOGS = YES;
				MTL_ENABLE_DEBUG_INFO = NO;
				MTL_FAST_MATH = YES;
				SDKROOT = iphoneos;
				SWIFT_COMPILATION_MODE = wholemodule;
				VALIDATE_PRODUCT = YES;
			};
			name = Release;
		};
		45AE8A952BB4761100A14038 /* Debug */ = {
			isa = XCBuildConfiguration;
			buildSettings = {
				ASSETCATALOG_COMPILER_APPICON_NAME = AppIcon;
				ASSETCATALOG_COMPILER_GLOBAL_ACCENT_COLOR_NAME = AccentColor;
				CODE_SIGN_STYLE = Automatic;
				CURRENT_PROJECT_VERSION = 1;
				DEVELOPMENT_TEAM = L9P7H6TG5A;
				GENERATE_INFOPLIST_FILE = YES;
				INFOPLIST_FILE = FinanceStockTracker/Applications/Info.plist;
				INFOPLIST_KEY_UIApplicationSupportsIndirectInputEvents = YES;
				INFOPLIST_KEY_UILaunchStoryboardName = LaunchScreen;
				INFOPLIST_KEY_UISupportedInterfaceOrientations_iPad = "UIInterfaceOrientationPortrait UIInterfaceOrientationPortraitUpsideDown UIInterfaceOrientationLandscapeLeft UIInterfaceOrientationLandscapeRight";
				INFOPLIST_KEY_UISupportedInterfaceOrientations_iPhone = "UIInterfaceOrientationPortrait UIInterfaceOrientationLandscapeLeft UIInterfaceOrientationLandscapeRight";
				IPHONEOS_DEPLOYMENT_TARGET = 16.2;
				LD_RUNPATH_SEARCH_PATHS = (
					"$(inherited)",
					"@executable_path/Frameworks",
				);
				MARKETING_VERSION = 1.0;
				PRODUCT_BUNDLE_IDENTIFIER = KEZ.FinanceStockTracker;
				PRODUCT_NAME = "$(TARGET_NAME)";
				SUPPORTED_PLATFORMS = "iphoneos iphonesimulator";
				SUPPORTS_MACCATALYST = NO;
				SUPPORTS_MAC_DESIGNED_FOR_IPHONE_IPAD = NO;
				SUPPORTS_XR_DESIGNED_FOR_IPHONE_IPAD = NO;
				SWIFT_EMIT_LOC_STRINGS = YES;
				SWIFT_VERSION = 5.0;
				TARGETED_DEVICE_FAMILY = 1;
			};
			name = Debug;
		};
		45AE8A962BB4761100A14038 /* Release */ = {
			isa = XCBuildConfiguration;
			buildSettings = {
				ASSETCATALOG_COMPILER_APPICON_NAME = AppIcon;
				ASSETCATALOG_COMPILER_GLOBAL_ACCENT_COLOR_NAME = AccentColor;
				CODE_SIGN_STYLE = Automatic;
				CURRENT_PROJECT_VERSION = 1;
				DEVELOPMENT_TEAM = L9P7H6TG5A;
				GENERATE_INFOPLIST_FILE = YES;
				INFOPLIST_FILE = FinanceStockTracker/Applications/Info.plist;
				INFOPLIST_KEY_UIApplicationSupportsIndirectInputEvents = YES;
				INFOPLIST_KEY_UILaunchStoryboardName = LaunchScreen;
				INFOPLIST_KEY_UISupportedInterfaceOrientations_iPad = "UIInterfaceOrientationPortrait UIInterfaceOrientationPortraitUpsideDown UIInterfaceOrientationLandscapeLeft UIInterfaceOrientationLandscapeRight";
				INFOPLIST_KEY_UISupportedInterfaceOrientations_iPhone = "UIInterfaceOrientationPortrait UIInterfaceOrientationLandscapeLeft UIInterfaceOrientationLandscapeRight";
				IPHONEOS_DEPLOYMENT_TARGET = 16.2;
				LD_RUNPATH_SEARCH_PATHS = (
					"$(inherited)",
					"@executable_path/Frameworks",
				);
				MARKETING_VERSION = 1.0;
				PRODUCT_BUNDLE_IDENTIFIER = KEZ.FinanceStockTracker;
				PRODUCT_NAME = "$(TARGET_NAME)";
				SUPPORTED_PLATFORMS = "iphoneos iphonesimulator";
				SUPPORTS_MACCATALYST = NO;
				SUPPORTS_MAC_DESIGNED_FOR_IPHONE_IPAD = NO;
				SUPPORTS_XR_DESIGNED_FOR_IPHONE_IPAD = NO;
				SWIFT_EMIT_LOC_STRINGS = YES;
				SWIFT_VERSION = 5.0;
				TARGETED_DEVICE_FAMILY = 1;
			};
			name = Release;
		};
		45D70DDB2BBC25D500AA975D /* Debug */ = {
			isa = XCBuildConfiguration;
			buildSettings = {
				BUNDLE_LOADER = "$(TEST_HOST)";
				CODE_SIGN_STYLE = Automatic;
				CURRENT_PROJECT_VERSION = 1;
				DEVELOPMENT_TEAM = L9P7H6TG5A;
				GENERATE_INFOPLIST_FILE = YES;
				IPHONEOS_DEPLOYMENT_TARGET = 16.2;
				MARKETING_VERSION = 1.0;
				PRODUCT_BUNDLE_IDENTIFIER = KEZ.StockTrackerAlamofireTests;
				PRODUCT_NAME = "$(TARGET_NAME)";
				SUPPORTED_PLATFORMS = "iphoneos iphonesimulator";
				SUPPORTS_MACCATALYST = NO;
				SUPPORTS_MAC_DESIGNED_FOR_IPHONE_IPAD = NO;
				SUPPORTS_XR_DESIGNED_FOR_IPHONE_IPAD = NO;
				SWIFT_EMIT_LOC_STRINGS = NO;
				SWIFT_VERSION = 5.0;
				TARGETED_DEVICE_FAMILY = 1;
				TEST_HOST = "$(BUILT_PRODUCTS_DIR)/FinanceStockTracker.app/$(BUNDLE_EXECUTABLE_FOLDER_PATH)/FinanceStockTracker";
			};
			name = Debug;
		};
		45D70DDC2BBC25D500AA975D /* Release */ = {
			isa = XCBuildConfiguration;
			buildSettings = {
				BUNDLE_LOADER = "$(TEST_HOST)";
				CODE_SIGN_STYLE = Automatic;
				CURRENT_PROJECT_VERSION = 1;
				DEVELOPMENT_TEAM = L9P7H6TG5A;
				GENERATE_INFOPLIST_FILE = YES;
				IPHONEOS_DEPLOYMENT_TARGET = 16.2;
				MARKETING_VERSION = 1.0;
				PRODUCT_BUNDLE_IDENTIFIER = KEZ.StockTrackerAlamofireTests;
				PRODUCT_NAME = "$(TARGET_NAME)";
				SUPPORTED_PLATFORMS = "iphoneos iphonesimulator";
				SUPPORTS_MACCATALYST = NO;
				SUPPORTS_MAC_DESIGNED_FOR_IPHONE_IPAD = NO;
				SUPPORTS_XR_DESIGNED_FOR_IPHONE_IPAD = NO;
				SWIFT_EMIT_LOC_STRINGS = NO;
				SWIFT_VERSION = 5.0;
				TARGETED_DEVICE_FAMILY = 1;
				TEST_HOST = "$(BUILT_PRODUCTS_DIR)/FinanceStockTracker.app/$(BUNDLE_EXECUTABLE_FOLDER_PATH)/FinanceStockTracker";
			};
			name = Release;
		};
/* End XCBuildConfiguration section */

/* Begin XCConfigurationList section */
		45AE8A7B2BB4760E00A14038 /* Build configuration list for PBXProject "FinanceStockTracker" */ = {
			isa = XCConfigurationList;
			buildConfigurations = (
				45AE8A922BB4761100A14038 /* Debug */,
				45AE8A932BB4761100A14038 /* Release */,
			);
			defaultConfigurationIsVisible = 0;
			defaultConfigurationName = Release;
		};
		45AE8A942BB4761100A14038 /* Build configuration list for PBXNativeTarget "FinanceStockTracker" */ = {
			isa = XCConfigurationList;
			buildConfigurations = (
				45AE8A952BB4761100A14038 /* Debug */,
				45AE8A962BB4761100A14038 /* Release */,
			);
			defaultConfigurationIsVisible = 0;
			defaultConfigurationName = Release;
		};
		45D70DDD2BBC25D500AA975D /* Build configuration list for PBXNativeTarget "StockTrackerAlamofireTests" */ = {
			isa = XCConfigurationList;
			buildConfigurations = (
				45D70DDB2BBC25D500AA975D /* Debug */,
				45D70DDC2BBC25D500AA975D /* Release */,
			);
			defaultConfigurationIsVisible = 0;
			defaultConfigurationName = Release;
		};
/* End XCConfigurationList section */
	};
	rootObject = 45AE8A782BB4760E00A14038 /* Project object */;
}
